{
  "name": "automation-account-",
  "version": "1.0.0",
  "lockfileVersion": 3,
  "requires": true,
  "packages": {
    "": {
      "name": "automation-account-",
      "version": "1.0.0",
      "license": "ISC",
      "dependencies": {
        "lucide-react": "^1.41.0",
        "shaders": "^3.2.466",
        "three": "^0.185.1"
      }
    },
    "node_modules/lucide-react": {
      "version": "1.41.0",
      "resolved": "https://registry.npmjs.org/lucide-react/-/lucide-react-1.41.0.tgz",
      "integrity": "sha512-6lksP35l6KszDKUeRTi4LV7i6DEe0Yzl2ALJm9j4c5xEYN91GdW1xGsawGMOg2mgjF5GHBVX8pKX9kP+cWsP3Q==",
      "license": "ISC",
      "peerDependencies": {
        "react": "^16.5.1 || ^17.0.0 || ^18.0.0 || ^19.0.0"
      }
    },
    "node_modules/react": {
      "version": "19.2.8",
      "resolved": "https://registry.npmjs.org/react/-/react-19.2.8.tgz",
      "integrity": "sha512-PWaYA1L/q9u2u7xYQi+Y3L3Yfnie7XyLeaJICV1MGD6LprsBxcAqGjYyr0eY3p+QdsA+x/Irkt4Qif8D63+Sbw==",
      "license": "MIT",
      "peer": true,
      "engines": {
        "node": ">=0.10.0"
      }
    },
    "node_modules/shaders": {
      "version": "3.2.466",
      "resolved": "https://registry.npmjs.org/shaders/-/shaders-3.2.466.tgz",
      "integrity": "sha512-06IY7zgteVAbpdxxquMG+824woZ+s/eeTtKnW48bEyoxFT7DdVcfLAG1e3lb3sDvDVzasBhbUK/kZf0ytxqeDQ==",
      "dependencies": {
        "typegpu": "0.12.3"
      },
      "bin": {
        "shaders": "dist/cli.js"
      },
      "peerDependencies": {
        "react": "^18.0.0 || ^19.0.0",
        "react-dom": "^18.0.0 || ^19.0.0",
        "solid-js": "^1.8.0",
        "svelte": "^5",
        "vue": "^3.5.0"
      },
      "peerDependenciesMeta": {
        "react": {
          "optional": true
        },
        "react-dom": {
          "optional": true
        },
        "solid-js": {
          "optional": true
        },
        "svelte": {
          "optional": true
        },
        "vue": {
          "optional": true
        }
      }
    },
    "node_modules/three": {
      "version": "0.185.1",
      "resolved": "https://registry.npmjs.org/three/-/three-0.185.1.tgz",
      "integrity": "sha512-5aojFCXKwnjBRZvUnt3WFfEcvUJgkN5LlijRFN95hMy8WVkG4I0QNcJE+OuWvuJ0bOdStrbfXn0pkd6/QyiAlg==",
      "license": "MIT"
    },
    "node_modules/tinyest": {
      "version": "0.3.3",
      "resolved": "https://registry.npmjs.org/tinyest/-/tinyest-0.3.3.tgz",
      "integrity": "sha512-LUDiIzyDUQ1mGo8Bam9c7Dubid6Psx14zMzGNwwvOEmNs03FWNUtOrHVXd+TcCorzogQ24Rk0fcfdZ+9rGr1Fw==",
      "license": "MIT",
      "engines": {
        "node": ">=12.20.0"
      }
    },
    "node_modules/tsover-runtime": {
      "version": "0.0.7",
      "resolved": "https://registry.npmjs.org/tsover-runtime/-/tsover-runtime-0.0.7.tgz",
      "integrity": "sha512-FHHwMJzZbnP23+fU1PxXljy7j0RRRosL2r1/CRUNTqfW+l7m35JsUkM615x/cAzw4GqRdXPIl3axKMj9qzpZtQ==",
      "license": "Apache-2.0"
    },
    "node_modules/typed-binary": {
      "version": "4.3.3",
      "resolved": "https://registry.npmjs.org/typed-binary/-/typed-binary-4.3.3.tgz",
      "integrity": "sha512-W2hLsSzt3k/tg38gDE4Fn/QiwcoqGuUHBc2cb3mXuH7KcYxe/GM57vzW14s2/bawB4R5knGgGq8Xb57vsaJ4Sg==",
      "license": "MIT"
    },
    "node_modules/typegpu": {
      "version": "0.12.3",
      "resolved": "https://registry.npmjs.org/typegpu/-/typegpu-0.12.3.tgz",
      "integrity": "sha512-zYwQEhnPPwhq5vQKmollXRK1LCVjStOnL+2B0PiebqvAzYPr25rPNR4r3olLoow5sKKjyj3kzHKEcpD5SyDzGQ==",
      "license": "MIT",
      "dependencies": {
        "tinyest": "~0.3.2",
        "tsover-runtime": "^0.0.7",
        "typed-binary": "^4.3.3"
      },
      "bin": {
        "typegpu": "bin.mjs"
      },
      "engines": {
        "node": ">=12.20.0"
      }
    }
  }
}
